
Microsoft Visual Studio Solution File, Format Version 12.00
# Visual Studio Version 17
VisualStudioVersion = 17.9.34728.123
MinimumVisualStudioVersion = 10.0.40219.1
Project("{2150E333-8FDC-42A3-9474-1A3956D46DE8}") = "src", "src", "{ED51BBD3-7160-47D7-9750-6315B49B681D}"
EndProject
Project("{2150E333-8FDC-42A3-9474-1A3956D46DE8}") = "tests", "tests", "{382242D8-CE0F-47C0-8152-0DC9D595F340}"
EndProject
Project("{9A19103F-16F7-4668-BE54-9A1E7A4F7556}") = "CashFlow.API", "src\CashFlow.API\CashFlow.API.csproj", "{788FBAF4-CC61-469E-BBBA-93E3E840B934}"
EndProject
Project("{9A19103F-16F7-4668-BE54-9A1E7A4F7556}") = "CashFlow.Domain", "src\CashFlow.Domain\CashFlow.Domain.csproj", "{35D5A8B9-FEE0-464F-9160-1DA91F7ABE2C}"
EndProject
Project("{9A19103F-16F7-4668-BE54-9A1E7A4F7556}") = "CashFlow.Application", "src\CashFlow.Application\CashFlow.Application.csproj", "{E30C11A6-49A7-4E76-BFA7-83971358FD23}"
EndProject
Project("{9A19103F-16F7-4668-BE54-9A1E7A4F7556}") = "CashFlow.Communication", "src\CashFlow.Communication\CashFlow.Communication.csproj", "{6B110B9B-6375-4CFC-A4A4-9D87A6465107}"
EndProject
Project("{9A19103F-16F7-4668-BE54-9A1E7A4F7556}") = "CashFlow.Exception", "src\CashFlow.Exception\CashFlow.Exception.csproj", "{26E2061A-84F1-4FF7-AB03-715CA027E2B6}"
EndProject
Project("{9A19103F-16F7-4668-BE54-9A1E7A4F7556}") = "ClashFlow.Infrastructure", "src\ClashFlow.Infrastructure\ClashFlow.Infrastructure.csproj", "{5BACC150-33EA-4BD2-A7AC-B8044E28AC4B}"
EndProject
Project("{9A19103F-16F7-4668-BE54-9A1E7A4F7556}") = "Validators.Test", "tests\Validators.Test\Validators.Test.csproj", "{A54F74FC-84B3-4BDE-8E54-D3EEDD215CC1}"
EndProject
Project("{FAE04EC0-301F-11D3-BF4B-00C04F79EFBC}") = "CommonTestUtilities", "tests\CommonTestUtilities\CommonTestUtilities.csproj", "{33CB7C38-1D7A-4CDC-B45D-DB6C24072B92}"
EndProject
Global
	GlobalSection(SolutionConfigurationPlatforms) = preSolution
		Debug|Any CPU = Debug|Any CPU
		Release|Any CPU = Release|Any CPU
	EndGlobalSection
	GlobalSection(ProjectConfigurationPlatforms) = postSolution
		{788FBAF4-CC61-469E-BBBA-93E3E840B934}.Debug|Any CPU.ActiveCfg = Debug|Any CPU
		{788FBAF4-CC61-469E-BBBA-93E3E840B934}.Debug|Any CPU.Build.0 = Debug|Any CPU
		{788FBAF4-CC61-469E-BBBA-93E3E840B934}.Release|Any CPU.ActiveCfg = Release|Any CPU
		{788FBAF4-CC61-469E-BBBA-93E3E840B934}.Release|Any CPU.Build.0 = Release|Any CPU
		{35D5A8B9-FEE0-464F-9160-1DA91F7ABE2C}.Debug|Any CPU.ActiveCfg = Debug|Any CPU
		{35D5A8B9-FEE0-464F-9160-1DA91F7ABE2C}.Debug|Any CPU.Build.0 = Debug|Any CPU
		{35D5A8B9-FEE0-464F-9160-1DA91F7ABE2C}.Release|Any CPU.ActiveCfg = Release|Any CPU
		{35D5A8B9-FEE0-464F-9160-1DA91F7ABE2C}.Release|Any CPU.Build.0 = Release|Any CPU
		{E30C11A6-49A7-4E76-BFA7-83971358FD23}.Debug|Any CPU.ActiveCfg = Debug|Any CPU
		{E30C11A6-49A7-4E76-BFA7-83971358FD23}.Debug|Any CPU.Build.0 = Debug|Any CPU
		{E30C11A6-49A7-4E76-BFA7-83971358FD23}.Release|Any CPU.ActiveCfg = Release|Any CPU
		{E30C11A6-49A7-4E76-BFA7-83971358FD23}.Release|Any CPU.Build.0 = Release|Any CPU
		{6B110B9B-6375-4CFC-A4A4-9D87A6465107}.Debug|Any CPU.ActiveCfg = Debug|Any CPU
		{6B110B9B-6375-4CFC-A4A4-9D87A6465107}.Debug|Any CPU.Build.0 = Debug|Any CPU
		{6B110B9B-6375-4CFC-A4A4-9D87A6465107}.Release|Any CPU.ActiveCfg = Release|Any CPU
		{6B110B9B-6375-4CFC-A4A4-9D87A6465107}.Release|Any CPU.Build.0 = Release|Any CPU
		{26E2061A-84F1-4FF7-AB03-715CA027E2B6}.Debug|Any CPU.ActiveCfg = Debug|Any CPU
		{26E2061A-84F1-4FF7-AB03-715CA027E2B6}.Debug|Any CPU.Build.0 = Debug|Any CPU
		{26E2061A-84F1-4FF7-AB03-715CA027E2B6}.Release|Any CPU.ActiveCfg = Release|Any CPU
		{26E2061A-84F1-4FF7-AB03-715CA027E2B6}.Release|Any CPU.Build.0 = Release|Any CPU
		{5BACC150-33EA-4BD2-A7AC-B8044E28AC4B}.Debug|Any CPU.ActiveCfg = Debug|Any CPU
		{5BACC150-33EA-4BD2-A7AC-B8044E28AC4B}.Debug|Any CPU.Build.0 = Debug|Any CPU
		{5BACC150-33EA-4BD2-A7AC-B8044E28AC4B}.Release|Any CPU.ActiveCfg = Release|Any CPU
		{5BACC150-33EA-4BD2-A7AC-B8044E28AC4B}.Release|Any CPU.Build.0 = Release|Any CPU
		{A54F74FC-84B3-4BDE-8E54-D3EEDD215CC1}.Debug|Any CPU.ActiveCfg = Debug|Any CPU
		{A54F74FC-84B3-4BDE-8E54-D3EEDD215CC1}.Debug|Any CPU.Build.0 = Debug|Any CPU
		{A54F74FC-84B3-4BDE-8E54-D3EEDD215CC1}.Release|Any CPU.ActiveCfg = Release|Any CPU
		{A54F74FC-84B3-4BDE-8E54-D3EEDD215CC1}.Release|Any CPU.Build.0 = Release|Any CPU
		{33CB7C38-1D7A-4CDC-B45D-DB6C24072B92}.Debug|Any CPU.ActiveCfg = Debug|Any CPU
		{33CB7C38-1D7A-4CDC-B45D-DB6C24072B92}.Debug|Any CPU.Build.0 = Debug|Any CPU
		{33CB7C38-1D7A-4CDC-B45D-DB6C24072B92}.Release|Any CPU.ActiveCfg = Release|Any CPU
		{33CB7C38-1D7A-4CDC-B45D-DB6C24072B92}.Release|Any CPU.Build.0 = Release|Any CPU
	EndGlobalSection
	GlobalSection(SolutionProperties) = preSolution
		HideSolutionNode = FALSE
	EndGlobalSection
	GlobalSection(NestedProjects) = preSolution
		{788FBAF4-CC61-469E-BBBA-93E3E840B934} = {ED51BBD3-7160-47D7-9750-6315B49B681D}
		{35D5A8B9-FEE0-464F-9160-1DA91F7ABE2C} = {ED51BBD3-7160-47D7-9750-6315B49B681D}
		{E30C11A6-49A7-4E76-BFA7-83971358FD23} = {ED51BBD3-7160-47D7-9750-6315B49B681D}
		{6B110B9B-6375-4CFC-A4A4-9D87A6465107} = {ED51BBD3-7160-47D7-9750-6315B49B681D}
		{26E2061A-84F1-4FF7-AB03-715CA027E2B6} = {ED51BBD3-7160-47D7-9750-6315B49B681D}
		{5BACC150-33EA-4BD2-A7AC-B8044E28AC4B} = {ED51BBD3-7160-47D7-9750-6315B49B681D}
		{A54F74FC-84B3-4BDE-8E54-D3EEDD215CC1} = {382242D8-CE0F-47C0-8152-0DC9D595F340}
		{33CB7C38-1D7A-4CDC-B45D-DB6C24072B92} = {382242D8-CE0F-47C0-8152-0DC9D595F340}
	EndGlobalSection
	GlobalSection(ExtensibilityGlobals) = postSolution
		SolutionGuid = {E6E98832-CE4F-49D3-9B90-C520E7EBE26F}
	EndGlobalSection
EndGlobal
